
Microsoft Visual Studio Solution File, Format Version 12.00
# Visual Studio Version 16
VisualStudioVersion = 16.0.31605.320
MinimumVisualStudioVersion = 10.0.40219.1
Project("{8BC9CEB8-8B4A-11D0-8D11-00A0C91BC942}") = "fractal", "fractal\fractal.vcxproj", "{FABEA21B-F156-4E3F-B7D9-C987D1E7F40B}"
EndProject
Global
	GlobalSection(SolutionConfigurationPlatforms) = preSolution
		Debug|x64 = Debug|x64
		Debug|x86 = Debug|x86
		Release|x64 = Release|x64
		Release|x86 = Release|x86
	EndGlobalSection
	GlobalSection(ProjectConfigurationPlatforms) = postSolution
		{FABEA21B-F156-4E3F-B7D9-C987D1E7F40B}.Debug|x64.ActiveCfg = Debug|x64
		{FABEA21B-F156-4E3F-B7D9-C987D1E7F40B}.Debug|x64.Build.0 = Debug|x64
		{FABEA21B-F156-4E3F-B7D9-C987D1E7F40B}.Debug|x86.ActiveCfg = Debug|Win32
		{FABEA21B-F156-4E3F-B7D9-C987D1E7F40B}.Debug|x86.Build.0 = Debug|Win32
		{FABEA21B-F156-4E3F-B7D9-C987D1E7F40B}.Release|x64.ActiveCfg = Release|x64
		{FABEA21B-F156-4E3F-B7D9-C987D1E7F40B}.Release|x64.Build.0 = Release|x64
		{FABEA21B-F156-4E3F-B7D9-C987D1E7F40B}.Release|x86.ActiveCfg = Release|Win32
		{FABEA21B-F156-4E3F-B7D9-C987D1E7F40B}.Release|x86.Build.0 = Release|Win32
	EndGlobalSection
	GlobalSection(SolutionProperties) = preSolution
		HideSolutionNode = FALSE
	EndGlobalSection
	GlobalSection(ExtensibilityGlobals) = postSolution
		SolutionGuid = {D34375BC-7D5D-437F-954B-43705DA4D6A7}
	EndGlobalSection
EndGlobal
